
Microsoft Visual Studio Solution File, Format Version 12.00
# Visual Studio 2015
Project("{FAE04EC0-301F-11D3-BF4B-00C04F79EFBC}") = "Action Game.CSharp", "Action Game.CSharp.csproj", "{AE5D210B-9B97-6871-009B-5CE95CA3399E}"
EndProject
Project("{FAE04EC0-301F-11D3-BF4B-00C04F79EFBC}") = "Action Game.CSharp.Editor", "Action Game.CSharp.Editor.csproj", "{9E138975-4656-115F-BF2E-1E7E5BA9BB54}"
EndProject
Global
	GlobalSection(SolutionConfigurationPlatforms) = preSolution
		Debug|Any CPU = Debug|Any CPU
		Release|Any CPU = Release|Any CPU
	EndGlobalSection
	GlobalSection(ProjectConfigurationPlatforms) = postSolution
		{AE5D210B-9B97-6871-009B-5CE95CA3399E}.Debug|Any CPU.ActiveCfg = Debug|Any CPU
		{AE5D210B-9B97-6871-009B-5CE95CA3399E}.Debug|Any CPU.Build.0 = Debug|Any CPU
		{AE5D210B-9B97-6871-009B-5CE95CA3399E}.Release|Any CPU.ActiveCfg = Release|Any CPU
		{AE5D210B-9B97-6871-009B-5CE95CA3399E}.Release|Any CPU.Build.0 = Release|Any CPU
		{9E138975-4656-115F-BF2E-1E7E5BA9BB54}.Debug|Any CPU.ActiveCfg = Debug|Any CPU
		{9E138975-4656-115F-BF2E-1E7E5BA9BB54}.Debug|Any CPU.Build.0 = Debug|Any CPU
		{9E138975-4656-115F-BF2E-1E7E5BA9BB54}.Release|Any CPU.ActiveCfg = Release|Any CPU
		{9E138975-4656-115F-BF2E-1E7E5BA9BB54}.Release|Any CPU.Build.0 = Release|Any CPU
	EndGlobalSection
	GlobalSection(SolutionProperties) = preSolution
		HideSolutionNode = FALSE
	EndGlobalSection
EndGlobal
